
Microsoft Visual Studio Solution File, Format Version 12.00
# Visual Studio Version 17
VisualStudioVersion = 17.5.002.0
MinimumVisualStudioVersion = 10.0.40219.1
Project("{2150E333-8FDC-42A3-9474-1A3956D46DE8}") = "src", "src", "{894DA08E-53FF-47A1-93A8-ACF4246F119B}"
EndProject
Project("{2150E333-8FDC-42A3-9474-1A3956D46DE8}") = "day1", "day1", "{C0912638-0B49-414D-B1A0-0A1C5FEFA34E}"
EndProject
Project("{9A19103F-16F7-4668-BE54-9A1E7A4F7556}") = "firstsample", "src\day1\firstsample\firstsample.csproj", "{30278865-1A6F-4A67-B815-BAC46259F62D}"
EndProject
Global
	GlobalSection(SolutionConfigurationPlatforms) = preSolution
		Debug|Any CPU = Debug|Any CPU
		Release|Any CPU = Release|Any CPU
	EndGlobalSection
	GlobalSection(ProjectConfigurationPlatforms) = postSolution
		{30278865-1A6F-4A67-B815-BAC46259F62D}.Debug|Any CPU.ActiveCfg = Debug|Any CPU
		{30278865-1A6F-4A67-B815-BAC46259F62D}.Debug|Any CPU.Build.0 = Debug|Any CPU
		{30278865-1A6F-4A67-B815-BAC46259F62D}.Release|Any CPU.ActiveCfg = Release|Any CPU
		{30278865-1A6F-4A67-B815-BAC46259F62D}.Release|Any CPU.Build.0 = Release|Any CPU
	EndGlobalSection
	GlobalSection(SolutionProperties) = preSolution
		HideSolutionNode = FALSE
	EndGlobalSection
	GlobalSection(NestedProjects) = preSolution
		{C0912638-0B49-414D-B1A0-0A1C5FEFA34E} = {894DA08E-53FF-47A1-93A8-ACF4246F119B}
		{30278865-1A6F-4A67-B815-BAC46259F62D} = {C0912638-0B49-414D-B1A0-0A1C5FEFA34E}
	EndGlobalSection
	GlobalSection(ExtensibilityGlobals) = postSolution
		SolutionGuid = {850B3EAF-BC67-476D-9961-FCA2DD741306}
	EndGlobalSection
EndGlobal
